
Microsoft Visual Studio Solution File, Format Version 12.00
# Visual Studio Version 16
VisualStudioVersion = 16.0.30413.136
MinimumVisualStudioVersion = 10.0.40219.1
Project("{FAE04EC0-301F-11D3-BF4B-00C04F79EFBC}") = "SOLID", "SOLID.csproj", "{2312A66E-790F-4D66-AE00-5A65DBDD2FB0}"
EndProject
Global
	GlobalSection(SolutionConfigurationPlatforms) = preSolution
		Debug|Any CPU = Debug|Any CPU
		Release|Any CPU = Release|Any CPU
	EndGlobalSection
	GlobalSection(ProjectConfigurationPlatforms) = postSolution
		{2312A66E-790F-4D66-AE00-5A65DBDD2FB0}.Debug|Any CPU.ActiveCfg = Debug|Any CPU
		{2312A66E-790F-4D66-AE00-5A65DBDD2FB0}.Debug|Any CPU.Build.0 = Debug|Any CPU
		{2312A66E-790F-4D66-AE00-5A65DBDD2FB0}.Release|Any CPU.ActiveCfg = Release|Any CPU
		{2312A66E-790F-4D66-AE00-5A65DBDD2FB0}.Release|Any CPU.Build.0 = Release|Any CPU
	EndGlobalSection
	GlobalSection(SolutionProperties) = preSolution
		HideSolutionNode = FALSE
	EndGlobalSection
	GlobalSection(ExtensibilityGlobals) = postSolution
		SolutionGuid = {5822A7E7-9EA3-469C-AFE5-7851B3701C8F}
	EndGlobalSection
EndGlobal
